{
  "name": "functions-kv",
  "version": "0.1.0",
  "lockfileVersion": 3,
  "requires": true,
  "packages": {
    "": {
      "name": "functions-kv",
      "version": "0.1.0",
      "dependencies": {
        "@edgeone/pages-blob": "^0.0.11"
      }
    },
    "node_modules/@edgeone/pages-blob": {
      "version": "0.0.11",
      "resolved": "https://registry.npmmirror.com/@edgeone/pages-blob/-/pages-blob-0.0.11.tgz",
      "integrity": "sha512-wvAPbHyVt4LBWnPt6MAFvmzqAZDVdl2VLxaTZ+w/sBVei7CeWqoYOZkdMD+39Vl+e8+R1OFSMYRhAO7O4s/T/w==",
      "license": "MIT",
      "engines": {
        "node": ">=18.0.0"
      }
    }
  }
}
